# This file is generated by running "yarn install" inside your project.
# Manual changes might be lost - proceed with caution!

__metadata:
  version: 8
  cacheKey: 10c0

"@aserto/node-directory@workspace:.":
  version: 0.0.0-use.local
  resolution: "@aserto/node-directory@workspace:."
  dependencies:
    "@bufbuild/buf": "npm:^1.40.1"
    "@bufbuild/protobuf": "npm:^2.2.2"
    "@bufbuild/protoc-gen-es": "npm:^2.2.2"
    "@types/node": "npm:^22.9.1"
    typescript: "npm:^5.6.3"
  languageName: unknown
  linkType: soft

"@bufbuild/buf-darwin-arm64@npm:1.40.1":
  version: 1.40.1
  resolution: "@bufbuild/buf-darwin-arm64@npm:1.40.1"
  conditions: os=darwin & cpu=arm64
  languageName: node
  linkType: hard

"@bufbuild/buf-darwin-x64@npm:1.40.1":
  version: 1.40.1
  resolution: "@bufbuild/buf-darwin-x64@npm:1.40.1"
  conditions: os=darwin & cpu=x64
  languageName: node
  linkType: hard

"@bufbuild/buf-linux-aarch64@npm:1.40.1":
  version: 1.40.1
  resolution: "@bufbuild/buf-linux-aarch64@npm:1.40.1"
  conditions: os=linux & cpu=arm64
  languageName: node
  linkType: hard

"@bufbuild/buf-linux-x64@npm:1.40.1":
  version: 1.40.1
  resolution: "@bufbuild/buf-linux-x64@npm:1.40.1"
  conditions: os=linux & cpu=x64
  languageName: node
  linkType: hard

"@bufbuild/buf-win32-arm64@npm:1.40.1":
  version: 1.40.1
  resolution: "@bufbuild/buf-win32-arm64@npm:1.40.1"
  conditions: os=win32 & cpu=arm64
  languageName: node
  linkType: hard

"@bufbuild/buf-win32-x64@npm:1.40.1":
  version: 1.40.1
  resolution: "@bufbuild/buf-win32-x64@npm:1.40.1"
  conditions: os=win32 & cpu=x64
  languageName: node
  linkType: hard

"@bufbuild/buf@npm:^1.40.1":
  version: 1.40.1
  resolution: "@bufbuild/buf@npm:1.40.1"
  dependencies:
    "@bufbuild/buf-darwin-arm64": "npm:1.40.1"
    "@bufbuild/buf-darwin-x64": "npm:1.40.1"
    "@bufbuild/buf-linux-aarch64": "npm:1.40.1"
    "@bufbuild/buf-linux-x64": "npm:1.40.1"
    "@bufbuild/buf-win32-arm64": "npm:1.40.1"
    "@bufbuild/buf-win32-x64": "npm:1.40.1"
  dependenciesMeta:
    "@bufbuild/buf-darwin-arm64":
      optional: true
    "@bufbuild/buf-darwin-x64":
      optional: true
    "@bufbuild/buf-linux-aarch64":
      optional: true
    "@bufbuild/buf-linux-x64":
      optional: true
    "@bufbuild/buf-win32-arm64":
      optional: true
    "@bufbuild/buf-win32-x64":
      optional: true
  bin:
    buf: bin/buf
    protoc-gen-buf-breaking: bin/protoc-gen-buf-breaking
    protoc-gen-buf-lint: bin/protoc-gen-buf-lint
  checksum: 10c0/0885333bcaeea3f2f890d8269add53d8e2cb113f6315eccc1db4df3976d9da174c053398d1400f3094ef835de41682066be1014c63955620f4254a2978307531
  languageName: node
  linkType: hard

"@bufbuild/protobuf@npm:2.2.2, @bufbuild/protobuf@npm:^2.2.2":
  version: 2.2.2
  resolution: "@bufbuild/protobuf@npm:2.2.2"
  checksum: 10c0/17687c36c85b2e489c7ffd676479c54e12437270eb5a724775cb880b09948cad205b79e5822a4d10cefde0eef433b781350d73bb649d8de9e84d7745871ee719
  languageName: node
  linkType: hard

"@bufbuild/protoc-gen-es@npm:^2.2.2":
  version: 2.2.2
  resolution: "@bufbuild/protoc-gen-es@npm:2.2.2"
  dependencies:
    "@bufbuild/protobuf": "npm:^2.2.2"
    "@bufbuild/protoplugin": "npm:2.2.2"
  peerDependencies:
    "@bufbuild/protobuf": 2.2.2
  peerDependenciesMeta:
    "@bufbuild/protobuf":
      optional: true
  bin:
    protoc-gen-es: bin/protoc-gen-es
  checksum: 10c0/f618b6eac0572a8ba7866f579024d6e99fa853d5436d7961e7925ef8c03f719793c1f549de4f68b62f8f1ce5a28f81d9a9266018733ab57767244cd7d614bfb2
  languageName: node
  linkType: hard

"@bufbuild/protoplugin@npm:2.2.2":
  version: 2.2.2
  resolution: "@bufbuild/protoplugin@npm:2.2.2"
  dependencies:
    "@bufbuild/protobuf": "npm:2.2.2"
    "@typescript/vfs": "npm:^1.5.2"
    typescript: "npm:5.4.5"
  checksum: 10c0/7c8c202c86b59718091152e2ccd84146ddd3e29db00da21eaf5581ed67a956a710868e5ce28b195ee9fd72c54be3cf3ae401982f432252100c1f4046af52ec31
  languageName: node
  linkType: hard

"@types/node@npm:^22.9.1":
  version: 22.9.1
  resolution: "@types/node@npm:22.9.1"
  dependencies:
    undici-types: "npm:~6.19.8"
  checksum: 10c0/ea489ae603aa8874e4e88980aab6f2dad09c755da779c88dd142983bfe9609803c89415ca7781f723072934066f63daf2b3339ef084a8ad1a8079cf3958be243
  languageName: node
  linkType: hard

"@typescript/vfs@npm:^1.5.2":
  version: 1.6.0
  resolution: "@typescript/vfs@npm:1.6.0"
  dependencies:
    debug: "npm:^4.1.1"
  peerDependencies:
    typescript: "*"
  checksum: 10c0/35e17d92f0d4f33c4be12fc4468196788794bc2edc1a371f1023c42314f6d1e0e851f07b45732a634ef750e61e2ef8769e8ab4f6a6c511cea8da397fa87852ff
  languageName: node
  linkType: hard

"debug@npm:^4.1.1":
  version: 4.3.4
  resolution: "debug@npm:4.3.4"
  dependencies:
    ms: "npm:2.1.2"
  peerDependenciesMeta:
    supports-color:
      optional: true
  checksum: 10c0/cedbec45298dd5c501d01b92b119cd3faebe5438c3917ff11ae1bff86a6c722930ac9c8659792824013168ba6db7c4668225d845c633fbdafbbf902a6389f736
  languageName: node
  linkType: hard

"ms@npm:2.1.2":
  version: 2.1.2
  resolution: "ms@npm:2.1.2"
  checksum: 10c0/a437714e2f90dbf881b5191d35a6db792efbca5badf112f87b9e1c712aace4b4b9b742dd6537f3edf90fd6f684de897cec230abde57e87883766712ddda297cc
  languageName: node
  linkType: hard

"typescript@npm:5.4.5":
  version: 5.4.5
  resolution: "typescript@npm:5.4.5"
  bin:
    tsc: bin/tsc
    tsserver: bin/tsserver
  checksum: 10c0/2954022ada340fd3d6a9e2b8e534f65d57c92d5f3989a263754a78aba549f7e6529acc1921913560a4b816c46dce7df4a4d29f9f11a3dc0d4213bb76d043251e
  languageName: node
  linkType: hard

"typescript@npm:^5.6.3":
  version: 5.6.3
  resolution: "typescript@npm:5.6.3"
  bin:
    tsc: bin/tsc
    tsserver: bin/tsserver
  checksum: 10c0/44f61d3fb15c35359bc60399cb8127c30bae554cd555b8e2b46d68fa79d680354b83320ad419ff1b81a0bdf324197b29affe6cc28988cd6a74d4ac60c94f9799
  languageName: node
  linkType: hard

"typescript@patch:typescript@npm%3A5.4.5#optional!builtin<compat/typescript>":
  version: 5.4.5
  resolution: "typescript@patch:typescript@npm%3A5.4.5#optional!builtin<compat/typescript>::version=5.4.5&hash=5adc0c"
  bin:
    tsc: bin/tsc
    tsserver: bin/tsserver
  checksum: 10c0/db2ad2a16ca829f50427eeb1da155e7a45e598eec7b086d8b4e8ba44e5a235f758e606d681c66992230d3fc3b8995865e5fd0b22a2c95486d0b3200f83072ec9
  languageName: node
  linkType: hard

"typescript@patch:typescript@npm%3A^5.6.3#optional!builtin<compat/typescript>":
  version: 5.6.3
  resolution: "typescript@patch:typescript@npm%3A5.6.3#optional!builtin<compat/typescript>::version=5.6.3&hash=8c6c40"
  bin:
    tsc: bin/tsc
    tsserver: bin/tsserver
  checksum: 10c0/7c9d2e07c81226d60435939618c91ec2ff0b75fbfa106eec3430f0fcf93a584bc6c73176676f532d78c3594fe28a54b36eb40b3d75593071a7ec91301533ace7
  languageName: node
  linkType: hard

"undici-types@npm:~6.19.8":
  version: 6.19.8
  resolution: "undici-types@npm:6.19.8"
  checksum: 10c0/078afa5990fba110f6824823ace86073b4638f1d5112ee26e790155f481f2a868cc3e0615505b6f4282bdf74a3d8caad715fd809e870c2bb0704e3ea6082f344
  languageName: node
  linkType: hard
