# THIS IS AN AUTOGENERATED FILE. DO NOT EDIT THIS FILE DIRECTLY.
# yarn lockfile v1


"@bufbuild/buf-darwin-arm64@1.28.0":
  version "1.28.0"
  resolved "https://registry.yarnpkg.com/@bufbuild/buf-darwin-arm64/-/buf-darwin-arm64-1.28.0.tgz#2a891aed84a6220628e802f9f3feb11023877e32"
  integrity sha512-trbnKKCINrRUXf0Rs88QmniZeQ4ODdsA9yISOj5JdeVDr9rQf1j/P2NUM+JimQpLm78I1CRR5qQPIX3Q8xR0NA==

"@bufbuild/buf-darwin-x64@1.28.0":
  version "1.28.0"
  resolved "https://registry.yarnpkg.com/@bufbuild/buf-darwin-x64/-/buf-darwin-x64-1.28.0.tgz#31c8037565a5ebee2cec09e9d2810bdc4e98550a"
  integrity sha512-AVhGVJjaR26Qe0gNv+3AijeaQABJyFY8tlInEOOtTaQi2UGR8cgQoYBCziL3NQfH06wi7nEwTJm/ej2JUpAt2Q==

"@bufbuild/buf-linux-aarch64@1.28.0":
  version "1.28.0"
  resolved "https://registry.yarnpkg.com/@bufbuild/buf-linux-aarch64/-/buf-linux-aarch64-1.28.0.tgz#6905429c44eb07bfbdd836f6c2d67648acea73ac"
  integrity sha512-5qzLdO2MpXHPh2W5Rlf58oW8iH+wwOIjQs3vlgtgeI0nGu0FhRgpcrJ1E0lswTUE0NW19RMLI+q/QpjEl9W3aw==

"@bufbuild/buf-linux-x64@1.28.0":
  version "1.28.0"
  resolved "https://registry.yarnpkg.com/@bufbuild/buf-linux-x64/-/buf-linux-x64-1.28.0.tgz#26e74ab66808c26f807d650e0608b29be8bfa3a1"
  integrity sha512-gZm7vGjhcabb1Zqp+ARYiJYCNm2mtbXFqo9Cqy0hpaonWaKAn7lbjtT0tG7rVX++QIfOpE3CwnjUNHck5xKP6A==

"@bufbuild/buf-win32-arm64@1.28.0":
  version "1.28.0"
  resolved "https://registry.yarnpkg.com/@bufbuild/buf-win32-arm64/-/buf-win32-arm64-1.28.0.tgz#95eac3371f322f4df5291138bf87cf8474b39e26"
  integrity sha512-ptIfiTYW2cMlPOcnkz3YF/aSR9ztAzeozycv460qDR0p0c0KYHKRTTFKD8TRahoyU7znmWEluYBdmKZAbbtwKg==

"@bufbuild/buf-win32-x64@1.28.0":
  version "1.28.0"
  resolved "https://registry.yarnpkg.com/@bufbuild/buf-win32-x64/-/buf-win32-x64-1.28.0.tgz#af811f625cced53dc52e0127489ae96f1a9ca56b"
  integrity sha512-vwjMUfelrB8RD/xHdR6MVEl9XqIxvASvzj0szz70hvQmzmU4BEOEUTHtERMOnBJxiPE1a28YEfpUlxyvm+COCg==

"@bufbuild/buf@^1.28.0":
  version "1.28.0"
  resolved "https://registry.yarnpkg.com/@bufbuild/buf/-/buf-1.28.0.tgz#306fa54101597eec92e71d892a9f0a696624c546"
  integrity sha512-QizjughxiWj53BTFijxQN5YDCcIriLAsCSYgxk+l9YzEC3hHAjCBen0hGJcSezWDLKWiGxAD6AMXiRIfAHKZjQ==
  optionalDependencies:
    "@bufbuild/buf-darwin-arm64" "1.28.0"
    "@bufbuild/buf-darwin-x64" "1.28.0"
    "@bufbuild/buf-linux-aarch64" "1.28.0"
    "@bufbuild/buf-linux-x64" "1.28.0"
    "@bufbuild/buf-win32-arm64" "1.28.0"
    "@bufbuild/buf-win32-x64" "1.28.0"

"@bufbuild/protobuf@1.4.2", "@bufbuild/protobuf@^1.3.3", "@bufbuild/protobuf@^1.4.2":
  version "1.4.2"
  resolved "https://registry.yarnpkg.com/@bufbuild/protobuf/-/protobuf-1.4.2.tgz#dc4faf21264a47b71a15806616043cb006e80ac8"
  integrity sha512-JyEH8Z+OD5Sc2opSg86qMHn1EM1Sa+zj/Tc0ovxdwk56ByVNONJSabuCUbLQp+eKN3rWNfrho0X+3SEqEPXIow==

"@bufbuild/protobuf@^1.2.1":
  version "1.2.1"
  resolved "https://registry.yarnpkg.com/@bufbuild/protobuf/-/protobuf-1.2.1.tgz#f8b1fbbe79726a4eafa9772ddde147b57f85d177"
  integrity sha512-cwwGvLGqvoaOZmoP5+i4v/rbW+rHkguvTehuZyM2p/xpmaNSdT2h3B7kHw33aiffv35t1XrYHIkdJSEkSEMJuA==

"@bufbuild/protoc-gen-es@^1.4.2":
  version "1.4.2"
  resolved "https://registry.yarnpkg.com/@bufbuild/protoc-gen-es/-/protoc-gen-es-1.4.2.tgz#00c8b09430dd1154e626da7c247fd6425a1cd41d"
  integrity sha512-/It7M2s8H1zTDvUMJu6vhBmtnzeFL2VS6e78RYIY38602pNXDK/vbteKUo4KrG0O07lOPFu87hHZ0Y+w5Ib6iw==
  dependencies:
    "@bufbuild/protobuf" "^1.4.2"
    "@bufbuild/protoplugin" "1.4.2"

"@bufbuild/protoplugin@1.4.2", "@bufbuild/protoplugin@^1.3.3":
  version "1.4.2"
  resolved "https://registry.yarnpkg.com/@bufbuild/protoplugin/-/protoplugin-1.4.2.tgz#abf9b0e6a3dc8b52b1d6699d7a1ce5219fa82322"
  integrity sha512-5IwGC1ZRD2A+KydGXeaSOErwfILLqVtvMH/RkN+cOoHcQd4EYXFStcF7g7aR+yICRDEEjQVi5tQF/qPGBSr9vg==
  dependencies:
    "@bufbuild/protobuf" "1.4.2"
    "@typescript/vfs" "^1.4.0"
    typescript "4.5.2"

"@connectrpc/protoc-gen-connect-es@^1.1.3":
  version "1.1.3"
  resolved "https://registry.yarnpkg.com/@connectrpc/protoc-gen-connect-es/-/protoc-gen-connect-es-1.1.3.tgz#2472133dce58bbe433b4c10076c85d8f4f6833e3"
  integrity sha512-Irt1WM1o45KL0DNz8D8nraNfRrOyZfn7rzRsOyfrwbNzeVO1JV3rELFpARqGAvtVveYBoO9uwYtQ8TKLXsnrng==
  dependencies:
    "@bufbuild/protobuf" "^1.3.3"
    "@bufbuild/protoplugin" "^1.3.3"

"@types/google-protobuf@^3.15.6":
  version "3.15.6"
  resolved "https://registry.yarnpkg.com/@types/google-protobuf/-/google-protobuf-3.15.6.tgz#674a69493ef2c849b95eafe69167ea59079eb504"
  integrity sha512-pYVNNJ+winC4aek+lZp93sIKxnXt5qMkuKmaqS3WGuTq0Bw1ZDYNBgzG5kkdtwcv+GmYJGo3yEg6z2cKKAiEdw==

"@types/node@^18.7.13":
  version "18.16.19"
  resolved "https://registry.yarnpkg.com/@types/node/-/node-18.16.19.tgz#cb03fca8910fdeb7595b755126a8a78144714eea"
  integrity sha512-IXl7o+R9iti9eBW4Wg2hx1xQDig183jj7YLn8F7udNceyfkbn1ZxmzZXuak20gR40D7pIkIY1kYGx5VIGbaHKA==

"@typescript/vfs@^1.4.0":
  version "1.4.0"
  resolved "https://registry.yarnpkg.com/@typescript/vfs/-/vfs-1.4.0.tgz#2d22985c7666c9d4ce26eb025405e6f156aa32b0"
  integrity sha512-Pood7yv5YWMIX+yCHo176OnF8WUlKGImFG7XlsuH14Zb1YN5+dYD3uUtS7lqZtsH7tAveNUi2NzdpQCN0yRbaw==
  dependencies:
    debug "^4.1.1"

debug@^4.1.1:
  version "4.3.4"
  resolved "https://registry.yarnpkg.com/debug/-/debug-4.3.4.tgz#1319f6579357f2338d3337d2cdd4914bb5dcc865"
  integrity sha512-PRWFHuSU3eDtQJPvnNY7Jcket1j0t5OuOsFzPPzsekD52Zl8qUfFIPEiswXqIvHWGVHOgX+7G/vCNNhehwxfkQ==
  dependencies:
    ms "2.1.2"

google-protobuf@^3.21.2:
  version "3.21.2"
  resolved "https://registry.yarnpkg.com/google-protobuf/-/google-protobuf-3.21.2.tgz#4580a2bea8bbb291ee579d1fefb14d6fa3070ea4"
  integrity sha512-3MSOYFO5U9mPGikIYCzK0SaThypfGgS6bHqrUGXG3DPHCrb+txNqeEcns1W0lkGfk0rCyNXm7xB9rMxnCiZOoA==

ms@2.1.2:
  version "2.1.2"
  resolved "https://registry.yarnpkg.com/ms/-/ms-2.1.2.tgz#d09d1f357b443f493382a8eb3ccd183872ae6009"
  integrity sha512-sGkPx+VjMtmA6MX27oA4FBFELFCZZ4S4XqeGOXCv68tT+jb3vk/RyaKWP0PTKyWtmLSM0b+adUTEvbs1PEaH2w==

typescript@4.5.2:
  version "4.5.2"
  resolved "https://registry.yarnpkg.com/typescript/-/typescript-4.5.2.tgz#8ac1fba9f52256fdb06fb89e4122fa6a346c2998"
  integrity sha512-5BlMof9H1yGt0P8/WF+wPNw6GfctgGjXp5hkblpyT+8rkASSmkUKMXrxR0Xg8ThVCi/JnHQiKXeBaEwCeQwMFw==

typescript@^4.8.2:
  version "4.9.5"
  resolved "https://registry.yarnpkg.com/typescript/-/typescript-4.9.5.tgz#095979f9bcc0d09da324d58d03ce8f8374cbe65a"
  integrity sha512-1FXk9E2Hm+QzZQ7z+McJiHL4NW1F2EzMu9Nq9i3zAaGqibafqYwCVU6WyWAuyQRRzOlxou8xZSyXLEN8oKj24g==
