# This file is generated by running "yarn install" inside your project.
# Manual changes might be lost - proceed with caution!

__metadata:
  version: 8
  cacheKey: 10c0

"@aserto/node-directory@workspace:.":
  version: 0.0.0-use.local
  resolution: "@aserto/node-directory@workspace:."
  dependencies:
    "@bufbuild/buf": "npm:^1.40.1"
    "@bufbuild/protobuf": "npm:^1.10.0"
    "@bufbuild/protoc-gen-es": "npm:^1.10.0"
    "@connectrpc/protoc-gen-connect-es": "npm:^1.4.0"
    "@types/google-protobuf": "npm:^3.15.12"
    "@types/node": "npm:^18.19.50"
    google-protobuf: "npm:^3.21.4"
    typescript: "npm:^4.9.5"
  languageName: unknown
  linkType: soft

"@bufbuild/buf-darwin-arm64@npm:1.40.1":
  version: 1.40.1
  resolution: "@bufbuild/buf-darwin-arm64@npm:1.40.1"
  conditions: os=darwin & cpu=arm64
  languageName: node
  linkType: hard

"@bufbuild/buf-darwin-x64@npm:1.40.1":
  version: 1.40.1
  resolution: "@bufbuild/buf-darwin-x64@npm:1.40.1"
  conditions: os=darwin & cpu=x64
  languageName: node
  linkType: hard

"@bufbuild/buf-linux-aarch64@npm:1.40.1":
  version: 1.40.1
  resolution: "@bufbuild/buf-linux-aarch64@npm:1.40.1"
  conditions: os=linux & cpu=arm64
  languageName: node
  linkType: hard

"@bufbuild/buf-linux-x64@npm:1.40.1":
  version: 1.40.1
  resolution: "@bufbuild/buf-linux-x64@npm:1.40.1"
  conditions: os=linux & cpu=x64
  languageName: node
  linkType: hard

"@bufbuild/buf-win32-arm64@npm:1.40.1":
  version: 1.40.1
  resolution: "@bufbuild/buf-win32-arm64@npm:1.40.1"
  conditions: os=win32 & cpu=arm64
  languageName: node
  linkType: hard

"@bufbuild/buf-win32-x64@npm:1.40.1":
  version: 1.40.1
  resolution: "@bufbuild/buf-win32-x64@npm:1.40.1"
  conditions: os=win32 & cpu=x64
  languageName: node
  linkType: hard

"@bufbuild/buf@npm:^1.40.1":
  version: 1.40.1
  resolution: "@bufbuild/buf@npm:1.40.1"
  dependencies:
    "@bufbuild/buf-darwin-arm64": "npm:1.40.1"
    "@bufbuild/buf-darwin-x64": "npm:1.40.1"
    "@bufbuild/buf-linux-aarch64": "npm:1.40.1"
    "@bufbuild/buf-linux-x64": "npm:1.40.1"
    "@bufbuild/buf-win32-arm64": "npm:1.40.1"
    "@bufbuild/buf-win32-x64": "npm:1.40.1"
  dependenciesMeta:
    "@bufbuild/buf-darwin-arm64":
      optional: true
    "@bufbuild/buf-darwin-x64":
      optional: true
    "@bufbuild/buf-linux-aarch64":
      optional: true
    "@bufbuild/buf-linux-x64":
      optional: true
    "@bufbuild/buf-win32-arm64":
      optional: true
    "@bufbuild/buf-win32-x64":
      optional: true
  bin:
    buf: bin/buf
    protoc-gen-buf-breaking: bin/protoc-gen-buf-breaking
    protoc-gen-buf-lint: bin/protoc-gen-buf-lint
  checksum: 10c0/0885333bcaeea3f2f890d8269add53d8e2cb113f6315eccc1db4df3976d9da174c053398d1400f3094ef835de41682066be1014c63955620f4254a2978307531
  languageName: node
  linkType: hard

"@bufbuild/protobuf@npm:1.10.0, @bufbuild/protobuf@npm:^1.10.0, @bufbuild/protobuf@npm:^1.7.2":
  version: 1.10.0
  resolution: "@bufbuild/protobuf@npm:1.10.0"
  checksum: 10c0/5487b9c2e63846d0e3bde4d025cc77ae44a22166a5d6c184df0da5581e1ab6d66dd115af0ccad814576dcd011bb1b93989fb0ac1eb4ae452979bb8b186693ba0
  languageName: node
  linkType: hard

"@bufbuild/protoc-gen-es@npm:^1.10.0":
  version: 1.10.0
  resolution: "@bufbuild/protoc-gen-es@npm:1.10.0"
  dependencies:
    "@bufbuild/protobuf": "npm:^1.10.0"
    "@bufbuild/protoplugin": "npm:1.10.0"
  peerDependencies:
    "@bufbuild/protobuf": 1.10.0
  peerDependenciesMeta:
    "@bufbuild/protobuf":
      optional: true
  bin:
    protoc-gen-es: bin/protoc-gen-es
  checksum: 10c0/d5f53df70a6fc4d13b47ff56244318313de1a24a61aa5a7dd82efc4b5baa031c6bf1aface6a3f5b28a935ab5802de28fbe5c8bbc4d16d7d245fb4918cfe263df
  languageName: node
  linkType: hard

"@bufbuild/protoplugin@npm:1.10.0, @bufbuild/protoplugin@npm:^1.7.2":
  version: 1.10.0
  resolution: "@bufbuild/protoplugin@npm:1.10.0"
  dependencies:
    "@bufbuild/protobuf": "npm:1.10.0"
    "@typescript/vfs": "npm:^1.4.0"
    typescript: "npm:4.5.2"
  checksum: 10c0/8080e75d3c2b122f763ea4b1f039c40d7ea9a5e9054c3b3c55cabe4d2949eb18b6ebb45fcc23d2463a3ea22dfaeda8c91e82cac700a957ca75cf002f231f3d43
  languageName: node
  linkType: hard

"@connectrpc/protoc-gen-connect-es@npm:^1.4.0":
  version: 1.4.0
  resolution: "@connectrpc/protoc-gen-connect-es@npm:1.4.0"
  dependencies:
    "@bufbuild/protobuf": "npm:^1.7.2"
    "@bufbuild/protoplugin": "npm:^1.7.2"
  peerDependencies:
    "@bufbuild/protoc-gen-es": ^1.7.2
    "@connectrpc/connect": 1.4.0
  peerDependenciesMeta:
    "@bufbuild/protoc-gen-es":
      optional: true
    "@connectrpc/connect":
      optional: true
  bin:
    protoc-gen-connect-es: bin/protoc-gen-connect-es
  checksum: 10c0/6a547cc7dd558accc1f5bfd9ae6491a8e3bbca9e37e89aaff639477a12854a13aee295873ecbd399716536ceea2c0a5de44a43a8a4e8bad7689f64b81a274fec
  languageName: node
  linkType: hard

"@types/google-protobuf@npm:^3.15.12":
  version: 3.15.12
  resolution: "@types/google-protobuf@npm:3.15.12"
  checksum: 10c0/721783234e627f367dd710c345a1eaa9dca4ac64910032cef0c851c1821e05d06ffb51e9d1693080f1c0797a8674f89130fa56a390395ec7791ea8506d2f3bfb
  languageName: node
  linkType: hard

"@types/node@npm:^18.19.50":
  version: 18.19.50
  resolution: "@types/node@npm:18.19.50"
  dependencies:
    undici-types: "npm:~5.26.4"
  checksum: 10c0/36e6bc9eb47213ce94a868dad9504465ad89fba6af9f7954e22bb27fb17a32ac495f263d0cf4fdaee74becd7b2629609a446ec8c2b59b7a07bd587567c8a4782
  languageName: node
  linkType: hard

"@typescript/vfs@npm:^1.4.0":
  version: 1.4.0
  resolution: "@typescript/vfs@npm:1.4.0"
  dependencies:
    debug: "npm:^4.1.1"
  checksum: 10c0/6d7670ac20ee67f80d735acb23d9fcfc09552593ca41b362e26c716e386c7eb87cfd864205e2909b0260789d84dbb74c90749b66535532bc9f19cc43bdeb6acf
  languageName: node
  linkType: hard

"debug@npm:^4.1.1":
  version: 4.3.4
  resolution: "debug@npm:4.3.4"
  dependencies:
    ms: "npm:2.1.2"
  peerDependenciesMeta:
    supports-color:
      optional: true
  checksum: 10c0/cedbec45298dd5c501d01b92b119cd3faebe5438c3917ff11ae1bff86a6c722930ac9c8659792824013168ba6db7c4668225d845c633fbdafbbf902a6389f736
  languageName: node
  linkType: hard

"google-protobuf@npm:^3.21.4":
  version: 3.21.4
  resolution: "google-protobuf@npm:3.21.4"
  checksum: 10c0/28f2800f7fe1a8fc55eb58ba76e158268407bfb3b90646eaf8a177dd92a2e522459b773f8132ae546e60ac3b6f5947557a1cf3d963a05bb594f43bcde640f54f
  languageName: node
  linkType: hard

"ms@npm:2.1.2":
  version: 2.1.2
  resolution: "ms@npm:2.1.2"
  checksum: 10c0/a437714e2f90dbf881b5191d35a6db792efbca5badf112f87b9e1c712aace4b4b9b742dd6537f3edf90fd6f684de897cec230abde57e87883766712ddda297cc
  languageName: node
  linkType: hard

"typescript@npm:4.5.2":
  version: 4.5.2
  resolution: "typescript@npm:4.5.2"
  bin:
    tsc: bin/tsc
    tsserver: bin/tsserver
  checksum: 10c0/8fc40b886018889ad2099cb1b477c4f0373528c9fca83860ad33e898fe19ada22568477aca91741fbeabf0402e203f0e2d6d14ed6973ad826893cc13b2dfd459
  languageName: node
  linkType: hard

"typescript@npm:^4.9.5":
  version: 4.9.5
  resolution: "typescript@npm:4.9.5"
  bin:
    tsc: bin/tsc
    tsserver: bin/tsserver
  checksum: 10c0/5f6cad2e728a8a063521328e612d7876e12f0d8a8390d3b3aaa452a6a65e24e9ac8ea22beb72a924fd96ea0a49ea63bb4e251fb922b12eedfb7f7a26475e5c56
  languageName: node
  linkType: hard

"typescript@patch:typescript@npm%3A4.5.2#optional!builtin<compat/typescript>":
  version: 4.5.2
  resolution: "typescript@patch:typescript@npm%3A4.5.2#optional!builtin<compat/typescript>::version=4.5.2&hash=f1b8ea"
  bin:
    tsc: bin/tsc
    tsserver: bin/tsserver
  checksum: 10c0/826f19dba38b0c9d1e398b363d50b0c72a033c79af5fe0a22c3952c8de92e1ce3c203c5e79e1f85be67ff1e5975bc3b28ed4c7aad474eed71752fc79291644f9
  languageName: node
  linkType: hard

"typescript@patch:typescript@npm%3A^4.9.5#optional!builtin<compat/typescript>":
  version: 4.9.5
  resolution: "typescript@patch:typescript@npm%3A4.9.5#optional!builtin<compat/typescript>::version=4.9.5&hash=289587"
  bin:
    tsc: bin/tsc
    tsserver: bin/tsserver
  checksum: 10c0/e3333f887c6829dfe0ab6c1dbe0dd1e3e2aeb56c66460cb85c5440c566f900c833d370ca34eb47558c0c69e78ced4bfe09b8f4f98b6de7afed9b84b8d1dd06a1
  languageName: node
  linkType: hard

"undici-types@npm:~5.26.4":
  version: 5.26.5
  resolution: "undici-types@npm:5.26.5"
  checksum: 10c0/bb673d7876c2d411b6eb6c560e0c571eef4a01c1c19925175d16e3a30c4c428181fb8d7ae802a261f283e4166a0ac435e2f505743aa9e45d893f9a3df017b501
  languageName: node
  linkType: hard
